# Generated by pub
# See https://dart.dev/tools/pub/glossary#lockfile
packages:
  ansicolor:
    dependency: transitive
    description:
      name: ansicolor
      sha256: "8bf17a8ff6ea17499e40a2d2542c2f481cd7615760c6d34065cb22bfd22e6880"
      url: "https://pub.dev"
    source: hosted
    version: "2.0.2"
  archive:
    dependency: transitive
    description:
      name: archive
      sha256: "7b875fd4a20b165a3084bd2d210439b22ebc653f21cea4842729c0c30c82596b"
      url: "https://pub.dev"
    source: hosted
    version: "3.4.9"
  args:
    dependency: transitive
    description:
      name: args
      sha256: eef6c46b622e0494a36c5a12d10d77fb4e855501a91c1b9ef9339326e58f0596
      url: "https://pub.dev"
    source: hosted
    version: "2.4.2"
  async:
    dependency: transitive
    description:
      name: async
      sha256: "947bfcf187f74dbc5e146c9eb9c0f10c9f8b30743e341481c1e2ed3ecc18c20c"
      url: "https://pub.dev"
    source: hosted
    version: "2.11.0"
  boolean_selector:
    dependency: transitive
    description:
      name: boolean_selector
      sha256: "6cfb5af12253eaf2b368f07bacc5a80d1301a071c73360d746b7f2e32d762c66"
      url: "https://pub.dev"
    source: hosted
    version: "2.1.1"
  characters:
    dependency: transitive
    description:
      name: characters
      sha256: "04a925763edad70e8443c99234dc3328f442e811f1d8fd1a72f1c8ad0f69a605"
      url: "https://pub.dev"
    source: hosted
    version: "1.3.0"
  checked_yaml:
    dependency: transitive
    description:
      name: checked_yaml
      sha256: feb6bed21949061731a7a75fc5d2aa727cf160b91af9a3e464c5e3a32e28b5ff
      url: "https://pub.dev"
    source: hosted
    version: "2.0.3"
  cli_util:
    dependency: transitive
    description:
      name: cli_util
      sha256: b8db3080e59b2503ca9e7922c3df2072cf13992354d5e944074ffa836fba43b7
      url: "https://pub.dev"
    source: hosted
    version: "0.4.0"
  clock:
    dependency: transitive
    description:
      name: clock
      sha256: cb6d7f03e1de671e34607e909a7213e31d7752be4fb66a86d29fe1eb14bfb5cf
      url: "https://pub.dev"
    source: hosted
    version: "1.1.1"
  code_text_field:
    dependency: "direct main"
    description:
      name: code_text_field
      sha256: "0cbffbb2932cf82e1d022996388041de3493a476acad3fbb13e5917cac0fc5f2"
      url: "https://pub.dev"
    source: hosted
    version: "1.1.0"
  collection:
    dependency: transitive
    description:
      name: collection
      sha256: ee67cb0715911d28db6bf4af1026078bd6f0128b07a5f66fb2ed94ec6783c09a
      url: "https://pub.dev"
    source: hosted
    version: "1.18.0"
  convert:
    dependency: transitive
    description:
      name: convert
      sha256: "0f08b14755d163f6e2134cb58222dd25ea2a2ee8a195e53983d57c075324d592"
      url: "https://pub.dev"
    source: hosted
    version: "3.1.1"
  crypto:
    dependency: transitive
    description:
      name: crypto
      sha256: ff625774173754681d66daaf4a448684fb04b78f902da9cb3d308c19cc5e8bab
      url: "https://pub.dev"
    source: hosted
    version: "3.0.3"
  csslib:
    dependency: transitive
    description:
      name: csslib
      sha256: "706b5707578e0c1b4b7550f64078f0a0f19dec3f50a178ffae7006b0a9ca58fb"
      url: "https://pub.dev"
    source: hosted
    version: "1.0.0"
  cupertino_icons:
    dependency: "direct main"
    description:
      name: cupertino_icons
      sha256: d57953e10f9f8327ce64a508a355f0b1ec902193f66288e8cb5070e7c47eeb2d
      url: "https://pub.dev"
    source: hosted
    version: "1.0.6"
  equatable:
    dependency: transitive
    description:
      name: equatable
      sha256: c2b87cb7756efdf69892005af546c56c0b5037f54d2a88269b4f347a505e3ca2
      url: "https://pub.dev"
    source: hosted
    version: "2.0.5"
  fake_async:
    dependency: transitive
    description:
      name: fake_async
      sha256: "511392330127add0b769b75a987850d136345d9227c6b94c96a04cf4a391bf78"
      url: "https://pub.dev"
    source: hosted
    version: "1.3.1"
  ffi:
    dependency: "direct main"
    description:
      name: ffi
      sha256: "7bf0adc28a23d395f19f3f1eb21dd7cfd1dd9f8e1c50051c069122e6853bc878"
      url: "https://pub.dev"
    source: hosted
    version: "2.1.0"
  file:
    dependency: transitive
    description:
      name: file
      sha256: "5fc22d7c25582e38ad9a8515372cd9a93834027aacf1801cf01164dac0ffa08c"
      url: "https://pub.dev"
    source: hosted
    version: "7.0.0"
  file_picker:
    dependency: "direct main"
    description:
      name: file_picker
      sha256: "4e42aacde3b993c5947467ab640882c56947d9d27342a5b6f2895b23956954a6"
      url: "https://pub.dev"
    source: hosted
    version: "6.1.1"
  fl_chart:
    dependency: "direct main"
    description:
      name: fl_chart
      sha256: fe6fec7d85975a99c73b9515a69a6e291364accfa0e4a5b3ce6de814d74b9a1c
      url: "https://pub.dev"
    source: hosted
    version: "0.66.0"
  flutter:
    dependency: "direct main"
    description: flutter
    source: sdk
    version: "0.0.0"
  flutter_highlight:
    dependency: "direct main"
    description:
      name: flutter_highlight
      sha256: "7b96333867aa07e122e245c033b8ad622e4e3a42a1a2372cbb098a2541d8782c"
      url: "https://pub.dev"
    source: hosted
    version: "0.7.0"
  flutter_launcher_icons:
    dependency: "direct dev"
    description:
      name: flutter_launcher_icons
      sha256: "526faf84284b86a4cb36d20a5e45147747b7563d921373d4ee0559c54fcdbcea"
      url: "https://pub.dev"
    source: hosted
    version: "0.13.1"
  flutter_lints:
    dependency: "direct dev"
    description:
      name: flutter_lints
      sha256: e2a421b7e59244faef694ba7b30562e489c2b489866e505074eb005cd7060db7
      url: "https://pub.dev"
    source: hosted
    version: "3.0.1"
  flutter_markdown:
    dependency: "direct main"
    description:
      name: flutter_markdown
      sha256: "35108526a233cc0755664d445f8a6b4b61e6f8fe993b3658b80b4a26827fc196"
      url: "https://pub.dev"
    source: hosted
    version: "0.6.18+2"
  flutter_native_splash:
    dependency: "direct main"
    description:
      name: flutter_native_splash
      sha256: "9cdb5d9665dab5d098dc50feab74301c2c228cd02ca25c9b546ab572cebcd6af"
      url: "https://pub.dev"
    source: hosted
    version: "2.3.9"
  flutter_plugin_android_lifecycle:
    dependency: transitive
    description:
      name: flutter_plugin_android_lifecycle
      sha256: b068ffc46f82a55844acfa4fdbb61fad72fa2aef0905548419d97f0f95c456da
      url: "https://pub.dev"
    source: hosted
    version: "2.0.17"
  flutter_secure_storage:
    dependency: "direct main"
    description:
      path: flutter_secure_storage
      ref: kubenav
      resolved-ref: "1ffc324534b89d4986b6c62642cab8931946c005"
      url: "https://github.com/kubenav/flutter_secure_storage"
    source: git
    version: "7.0.1"
  flutter_secure_storage_platform_interface:
    dependency: transitive
    description:
      name: flutter_secure_storage_platform_interface
      sha256: "0d4d3a5dd4db28c96ae414d7ba3b8422fd735a8255642774803b2532c9a61d7e"
      url: "https://pub.dev"
    source: hosted
    version: "1.0.2"
  flutter_svg:
    dependency: "direct main"
    description:
      name: flutter_svg
      sha256: d39e7f95621fc84376bc0f7d504f05c3a41488c562f4a8ad410569127507402c
      url: "https://pub.dev"
    source: hosted
    version: "2.0.9"
  flutter_test:
    dependency: "direct dev"
    description: flutter
    source: sdk
    version: "0.0.0"
  flutter_web_plugins:
    dependency: transitive
    description: flutter
    source: sdk
    version: "0.0.0"
  highlight:
    dependency: "direct main"
    description:
      name: highlight
      sha256: "5353a83ffe3e3eca7df0abfb72dcf3fa66cc56b953728e7113ad4ad88497cf21"
      url: "https://pub.dev"
    source: hosted
    version: "0.7.0"
  html:
    dependency: transitive
    description:
      name: html
      sha256: "3a7812d5bcd2894edf53dfaf8cd640876cf6cef50a8f238745c8b8120ea74d3a"
      url: "https://pub.dev"
    source: hosted
    version: "0.15.4"
  http:
    dependency: "direct main"
    description:
      name: http
      sha256: d4872660c46d929f6b8a9ef4e7a7eff7e49bbf0c4ec3f385ee32df5119175139
      url: "https://pub.dev"
    source: hosted
    version: "1.1.2"
  http_parser:
    dependency: transitive
    description:
      name: http_parser
      sha256: "2aa08ce0341cc9b354a498388e30986515406668dbcc4f7c950c3e715496693b"
      url: "https://pub.dev"
    source: hosted
    version: "4.0.2"
  image:
    dependency: transitive
    description:
      name: image
      sha256: "028f61960d56f26414eb616b48b04eb37d700cbe477b7fb09bf1d7ce57fd9271"
      url: "https://pub.dev"
    source: hosted
    version: "4.1.3"
  import_sorter:
    dependency: "direct dev"
    description:
      name: import_sorter
      sha256: eb15738ccead84e62c31e0208ea4e3104415efcd4972b86906ca64a1187d0836
      url: "https://pub.dev"
    source: hosted
    version: "4.6.0"
  in_app_purchase:
    dependency: "direct main"
    description:
      name: in_app_purchase
      sha256: bdda02b5b11b56d5e29c7f0c57c433db3452b0c8ce1c37cbfcf1de52946efd9f
      url: "https://pub.dev"
    source: hosted
    version: "3.1.11"
  in_app_purchase_android:
    dependency: transitive
    description:
      name: in_app_purchase_android
      sha256: c4b84caa4e2c7ffebda444c5033fd8423cc3a45a6e1066929bbbcd4daf665db5
      url: "https://pub.dev"
    source: hosted
    version: "0.3.0+15"
  in_app_purchase_platform_interface:
    dependency: transitive
    description:
      name: in_app_purchase_platform_interface
      sha256: "5168afbc54f406f741252b66d41872c1193a0066a6edcb587176290b92e2d537"
      url: "https://pub.dev"
    source: hosted
    version: "1.3.6"
  in_app_purchase_storekit:
    dependency: transitive
    description:
      name: in_app_purchase_storekit
      sha256: "29526f5ce85bd908b4cacdadb2e8ef299bccbb516b90d2881805343f868502ab"
      url: "https://pub.dev"
    source: hosted
    version: "0.3.7"
  intl:
    dependency: transitive
    description:
      name: intl
      sha256: "3bc132a9dbce73a7e4a21a17d06e1878839ffbf975568bc875c60537824b0c4d"
      url: "https://pub.dev"
    source: hosted
    version: "0.18.1"
  iregexp:
    dependency: transitive
    description:
      name: iregexp
      sha256: "143859dcaeecf6f683102786762d70a47ef8441a0d2287a158172d32d38799cf"
      url: "https://pub.dev"
    source: hosted
    version: "0.1.2"
  js:
    dependency: transitive
    description:
      name: js
      sha256: f2c445dce49627136094980615a031419f7f3eb393237e4ecd97ac15dea343f3
      url: "https://pub.dev"
    source: hosted
    version: "0.6.7"
  json_annotation:
    dependency: transitive
    description:
      name: json_annotation
      sha256: b10a7b2ff83d83c777edba3c6a0f97045ddadd56c944e1a23a3fdf43a1bf4467
      url: "https://pub.dev"
    source: hosted
    version: "4.8.1"
  json_path:
    dependency: "direct main"
    description:
      name: json_path
      sha256: b1a3e5e34c862a6ca598e226e725647e462bde9fd98dbfa21bb53e105efeb177
      url: "https://pub.dev"
    source: hosted
    version: "0.7.0"
  jwt_decode:
    dependency: "direct main"
    description:
      name: jwt_decode
      sha256: d2e9f68c052b2225130977429d30f187aa1981d789c76ad104a32243cfdebfbb
      url: "https://pub.dev"
    source: hosted
    version: "0.3.1"
  linked_scroll_controller:
    dependency: transitive
    description:
      name: linked_scroll_controller
      sha256: e6020062bcf4ffc907ee7fd090fa971e65d8dfaac3c62baf601a3ced0b37986a
      url: "https://pub.dev"
    source: hosted
    version: "0.2.0"
  lints:
    dependency: transitive
    description:
      name: lints
      sha256: cbf8d4b858bb0134ef3ef87841abdf8d63bfc255c266b7bf6b39daa1085c4290
      url: "https://pub.dev"
    source: hosted
    version: "3.0.0"
  local_auth:
    dependency: "direct main"
    description:
      name: local_auth
      sha256: "7e6c63082e399b61e4af71266b012e767a5d4525dd6e9ba41e174fd42d76e115"
      url: "https://pub.dev"
    source: hosted
    version: "2.1.7"
  local_auth_android:
    dependency: transitive
    description:
      name: local_auth_android
      sha256: df4ccb3193525b8a60c78a5ca7bf188a47705bcf77bcc837a6b2cf6da64ae0e2
      url: "https://pub.dev"
    source: hosted
    version: "1.0.35"
  local_auth_ios:
    dependency: transitive
    description:
      name: local_auth_ios
      sha256: "8293faf72ef0ac4710f209edd03916c2d4c1eeab0483bdcf9b2e659c2f7d737b"
      url: "https://pub.dev"
    source: hosted
    version: "1.1.5"
  local_auth_platform_interface:
    dependency: transitive
    description:
      name: local_auth_platform_interface
      sha256: fc5bd537970a324260fda506cfb61b33ad7426f37a8ea5c461cf612161ebba54
      url: "https://pub.dev"
    source: hosted
    version: "1.0.8"
  local_auth_windows:
    dependency: transitive
    description:
      name: local_auth_windows
      sha256: "505ba3367ca781efb1c50d3132e44a2446bccc4163427bc203b9b4d8994d97ea"
      url: "https://pub.dev"
    source: hosted
    version: "1.0.10"
  markdown:
    dependency: transitive
    description:
      name: markdown
      sha256: acf35edccc0463a9d7384e437c015a3535772e09714cf60e07eeef3a15870dcd
      url: "https://pub.dev"
    source: hosted
    version: "7.1.1"
  matcher:
    dependency: transitive
    description:
      name: matcher
      sha256: "1803e76e6653768d64ed8ff2e1e67bea3ad4b923eb5c56a295c3e634bad5960e"
      url: "https://pub.dev"
    source: hosted
    version: "0.12.16"
  material_color_utilities:
    dependency: transitive
    description:
      name: material_color_utilities
      sha256: "9528f2f296073ff54cb9fee677df673ace1218163c3bc7628093e7eed5203d41"
      url: "https://pub.dev"
    source: hosted
    version: "0.5.0"
  maybe_just_nothing:
    dependency: transitive
    description:
      name: maybe_just_nothing
      sha256: "0c06326e26d08f6ed43247404376366dc4d756cef23a4f1db765f546224c35e0"
      url: "https://pub.dev"
    source: hosted
    version: "0.5.3"
  meta:
    dependency: transitive
    description:
      name: meta
      sha256: a6e590c838b18133bb482a2745ad77c5bb7715fb0451209e1a7567d416678b8e
      url: "https://pub.dev"
    source: hosted
    version: "1.10.0"
  nested:
    dependency: transitive
    description:
      name: nested
      sha256: "03bac4c528c64c95c722ec99280375a6f2fc708eec17c7b3f07253b626cd2a20"
      url: "https://pub.dev"
    source: hosted
    version: "1.0.0"
  package_info_plus:
    dependency: "direct main"
    description:
      name: package_info_plus
      sha256: "88bc797f44a94814f2213db1c9bd5badebafdfb8290ca9f78d4b9ee2a3db4d79"
      url: "https://pub.dev"
    source: hosted
    version: "5.0.1"
  package_info_plus_platform_interface:
    dependency: transitive
    description:
      name: package_info_plus_platform_interface
      sha256: "9bc8ba46813a4cc42c66ab781470711781940780fd8beddd0c3da62506d3a6c6"
      url: "https://pub.dev"
    source: hosted
    version: "2.0.1"
  path:
    dependency: transitive
    description:
      name: path
      sha256: "8829d8a55c13fc0e37127c29fedf290c102f4e40ae94ada574091fe0ff96c917"
      url: "https://pub.dev"
    source: hosted
    version: "1.8.3"
  path_parsing:
    dependency: transitive
    description:
      name: path_parsing
      sha256: e3e67b1629e6f7e8100b367d3db6ba6af4b1f0bb80f64db18ef1fbabd2fa9ccf
      url: "https://pub.dev"
    source: hosted
    version: "1.0.1"
  path_provider:
    dependency: "direct main"
    description:
      name: path_provider
      sha256: a1aa8aaa2542a6bc57e381f132af822420216c80d4781f7aa085ca3229208aaa
      url: "https://pub.dev"
    source: hosted
    version: "2.1.1"
  path_provider_android:
    dependency: transitive
    description:
      name: path_provider_android
      sha256: e595b98692943b4881b219f0a9e3945118d3c16bd7e2813f98ec6e532d905f72
      url: "https://pub.dev"
    source: hosted
    version: "2.2.1"
  path_provider_foundation:
    dependency: transitive
    description:
      name: path_provider_foundation
      sha256: "19314d595120f82aca0ba62787d58dde2cc6b5df7d2f0daf72489e38d1b57f2d"
      url: "https://pub.dev"
    source: hosted
    version: "2.3.1"
  path_provider_linux:
    dependency: transitive
    description:
      name: path_provider_linux
      sha256: f7a1fe3a634fe7734c8d3f2766ad746ae2a2884abe22e241a8b301bf5cac3279
      url: "https://pub.dev"
    source: hosted
    version: "2.2.1"
  path_provider_platform_interface:
    dependency: transitive
    description:
      name: path_provider_platform_interface
      sha256: "94b1e0dd80970c1ce43d5d4e050a9918fce4f4a775e6142424c30a29a363265c"
      url: "https://pub.dev"
    source: hosted
    version: "2.1.1"
  path_provider_windows:
    dependency: transitive
    description:
      name: path_provider_windows
      sha256: "8bc9f22eee8690981c22aa7fc602f5c85b497a6fb2ceb35ee5a5e5ed85ad8170"
      url: "https://pub.dev"
    source: hosted
    version: "2.2.1"
  petitparser:
    dependency: transitive
    description:
      name: petitparser
      sha256: eeb2d1428ee7f4170e2bd498827296a18d4e7fc462b71727d111c0ac7707cfa6
      url: "https://pub.dev"
    source: hosted
    version: "6.0.1"
  platform:
    dependency: transitive
    description:
      name: platform
      sha256: "0a279f0707af40c890e80b1e9df8bb761694c074ba7e1d4ab1bc4b728e200b59"
      url: "https://pub.dev"
    source: hosted
    version: "3.1.3"
  platform_info:
    dependency: transitive
    description:
      name: platform_info
      sha256: "012e73712166cf0b56d3eb95c0d33491f56b428c169eca385f036448474147e4"
      url: "https://pub.dev"
    source: hosted
    version: "3.2.0"
  plugin_platform_interface:
    dependency: transitive
    description:
      name: plugin_platform_interface
      sha256: f4f88d4a900933e7267e2b353594774fc0d07fb072b47eedcd5b54e1ea3269f8
      url: "https://pub.dev"
    source: hosted
    version: "2.1.7"
  pointycastle:
    dependency: transitive
    description:
      name: pointycastle
      sha256: "7c1e5f0d23c9016c5bbd8b1473d0d3fb3fc851b876046039509e18e0c7485f2c"
      url: "https://pub.dev"
    source: hosted
    version: "3.7.3"
  provider:
    dependency: "direct main"
    description:
      name: provider
      sha256: "9a96a0a19b594dbc5bf0f1f27d2bc67d5f95957359b461cd9feb44ed6ae75096"
      url: "https://pub.dev"
    source: hosted
    version: "6.1.1"
  quiver:
    dependency: transitive
    description:
      name: quiver
      sha256: b1c1ac5ce6688d77f65f3375a9abb9319b3cb32486bdc7a1e0fdf004d7ba4e47
      url: "https://pub.dev"
    source: hosted
    version: "3.2.1"
  rfc_6901:
    dependency: transitive
    description:
      name: rfc_6901
      sha256: df1bbfa3d023009598f19636d6114c6ac1e0b7bb7bf6a260f0e6e6ce91416820
      url: "https://pub.dev"
    source: hosted
    version: "0.2.0"
  screen_retriever:
    dependency: transitive
    description:
      name: screen_retriever
      sha256: "6ee02c8a1158e6dae7ca430da79436e3b1c9563c8cf02f524af997c201ac2b90"
      url: "https://pub.dev"
    source: hosted
    version: "0.1.9"
  shared_preferences:
    dependency: "direct main"
    description:
      name: shared_preferences
      sha256: "81429e4481e1ccfb51ede496e916348668fd0921627779233bd24cc3ff6abd02"
      url: "https://pub.dev"
    source: hosted
    version: "2.2.2"
  shared_preferences_android:
    dependency: transitive
    description:
      name: shared_preferences_android
      sha256: "8568a389334b6e83415b6aae55378e158fbc2314e074983362d20c562780fb06"
      url: "https://pub.dev"
    source: hosted
    version: "2.2.1"
  shared_preferences_foundation:
    dependency: transitive
    description:
      name: shared_preferences_foundation
      sha256: "7bf53a9f2d007329ee6f3df7268fd498f8373602f943c975598bbb34649b62a7"
      url: "https://pub.dev"
    source: hosted
    version: "2.3.4"
  shared_preferences_linux:
    dependency: transitive
    description:
      name: shared_preferences_linux
      sha256: "9f2cbcf46d4270ea8be39fa156d86379077c8a5228d9dfdb1164ae0bb93f1faa"
      url: "https://pub.dev"
    source: hosted
    version: "2.3.2"
  shared_preferences_platform_interface:
    dependency: transitive
    description:
      name: shared_preferences_platform_interface
      sha256: d4ec5fc9ebb2f2e056c617112aa75dcf92fc2e4faaf2ae999caa297473f75d8a
      url: "https://pub.dev"
    source: hosted
    version: "2.3.1"
  shared_preferences_web:
    dependency: transitive
    description:
      name: shared_preferences_web
      sha256: "7b15ffb9387ea3e237bb7a66b8a23d2147663d391cafc5c8f37b2e7b4bde5d21"
      url: "https://pub.dev"
    source: hosted
    version: "2.2.2"
  shared_preferences_windows:
    dependency: transitive
    description:
      name: shared_preferences_windows
      sha256: "841ad54f3c8381c480d0c9b508b89a34036f512482c407e6df7a9c4aa2ef8f59"
      url: "https://pub.dev"
    source: hosted
    version: "2.3.2"
  sky_engine:
    dependency: transitive
    description: flutter
    source: sdk
    version: "0.0.99"
  source_span:
    dependency: transitive
    description:
      name: source_span
      sha256: "53e943d4206a5e30df338fd4c6e7a077e02254531b138a15aec3bd143c1a8b3c"
      url: "https://pub.dev"
    source: hosted
    version: "1.10.0"
  sprintf:
    dependency: transitive
    description:
      name: sprintf
      sha256: "1fc9ffe69d4df602376b52949af107d8f5703b77cda567c4d7d86a0693120f23"
      url: "https://pub.dev"
    source: hosted
    version: "7.0.0"
  stack_trace:
    dependency: transitive
    description:
      name: stack_trace
      sha256: "73713990125a6d93122541237550ee3352a2d84baad52d375a4cad2eb9b7ce0b"
      url: "https://pub.dev"
    source: hosted
    version: "1.11.1"
  stream_channel:
    dependency: transitive
    description:
      name: stream_channel
      sha256: ba2aa5d8cc609d96bbb2899c28934f9e1af5cddbd60a827822ea467161eb54e7
      url: "https://pub.dev"
    source: hosted
    version: "2.1.2"
  string_scanner:
    dependency: transitive
    description:
      name: string_scanner
      sha256: "556692adab6cfa87322a115640c11f13cb77b3f076ddcc5d6ae3c20242bedcde"
      url: "https://pub.dev"
    source: hosted
    version: "1.2.0"
  term_glyph:
    dependency: transitive
    description:
      name: term_glyph
      sha256: a29248a84fbb7c79282b40b8c72a1209db169a2e0542bce341da992fe1bc7e84
      url: "https://pub.dev"
    source: hosted
    version: "1.2.1"
  test_api:
    dependency: transitive
    description:
      name: test_api
      sha256: "5c2f730018264d276c20e4f1503fd1308dfbbae39ec8ee63c5236311ac06954b"
      url: "https://pub.dev"
    source: hosted
    version: "0.6.1"
  tint:
    dependency: transitive
    description:
      name: tint
      sha256: "9652d9a589f4536d5e392cf790263d120474f15da3cf1bee7f1fdb31b4de5f46"
      url: "https://pub.dev"
    source: hosted
    version: "2.0.1"
  typed_data:
    dependency: transitive
    description:
      name: typed_data
      sha256: facc8d6582f16042dd49f2463ff1bd6e2c9ef9f3d5da3d9b087e244a7b564b3c
      url: "https://pub.dev"
    source: hosted
    version: "1.3.2"
  universal_io:
    dependency: transitive
    description:
      name: universal_io
      sha256: "1722b2dcc462b4b2f3ee7d188dad008b6eb4c40bbd03a3de451d82c78bba9aad"
      url: "https://pub.dev"
    source: hosted
    version: "2.2.2"
  url_launcher:
    dependency: "direct main"
    description:
      name: url_launcher
      sha256: e9aa5ea75c84cf46b3db4eea212523591211c3cf2e13099ee4ec147f54201c86
      url: "https://pub.dev"
    source: hosted
    version: "6.2.2"
  url_launcher_android:
    dependency: transitive
    description:
      name: url_launcher_android
      sha256: "31222ffb0063171b526d3e569079cf1f8b294075ba323443fdc690842bfd4def"
      url: "https://pub.dev"
    source: hosted
    version: "6.2.0"
  url_launcher_ios:
    dependency: transitive
    description:
      name: url_launcher_ios
      sha256: bba3373219b7abb6b5e0d071b0fe66dfbe005d07517a68e38d4fc3638f35c6d3
      url: "https://pub.dev"
    source: hosted
    version: "6.2.1"
  url_launcher_linux:
    dependency: transitive
    description:
      name: url_launcher_linux
      sha256: "9f2d390e096fdbe1e6e6256f97851e51afc2d9c423d3432f1d6a02a8a9a8b9fd"
      url: "https://pub.dev"
    source: hosted
    version: "3.1.0"
  url_launcher_macos:
    dependency: transitive
    description:
      name: url_launcher_macos
      sha256: b7244901ea3cf489c5335bdacda07264a6e960b1c1b1a9f91e4bc371d9e68234
      url: "https://pub.dev"
    source: hosted
    version: "3.1.0"
  url_launcher_platform_interface:
    dependency: transitive
    description:
      name: url_launcher_platform_interface
      sha256: "980e8d9af422f477be6948bdfb68df8433be71f5743a188968b0c1b887807e50"
      url: "https://pub.dev"
    source: hosted
    version: "2.2.0"
  url_launcher_web:
    dependency: transitive
    description:
      name: url_launcher_web
      sha256: "138bd45b3a456dcfafc46d1a146787424f8d2edfbf2809c9324361e58f851cf7"
      url: "https://pub.dev"
    source: hosted
    version: "2.2.1"
  url_launcher_windows:
    dependency: transitive
    description:
      name: url_launcher_windows
      sha256: "7754a1ad30ee896b265f8d14078b0513a4dba28d358eabb9d5f339886f4a1adc"
      url: "https://pub.dev"
    source: hosted
    version: "3.1.0"
  uuid:
    dependency: "direct main"
    description:
      name: uuid
      sha256: "22c94e5ad1e75f9934b766b53c742572ee2677c56bc871d850a57dad0f82127f"
      url: "https://pub.dev"
    source: hosted
    version: "4.2.2"
  vector_graphics:
    dependency: transitive
    description:
      name: vector_graphics
      sha256: "0f0c746dd2d6254a0057218ff980fc7f5670fd0fcf5e4db38a490d31eed4ad43"
      url: "https://pub.dev"
    source: hosted
    version: "1.1.9+1"
  vector_graphics_codec:
    dependency: transitive
    description:
      name: vector_graphics_codec
      sha256: "0edf6d630d1bfd5589114138ed8fada3234deacc37966bec033d3047c29248b7"
      url: "https://pub.dev"
    source: hosted
    version: "1.1.9+1"
  vector_graphics_compiler:
    dependency: transitive
    description:
      name: vector_graphics_compiler
      sha256: d24333727332d9bd20990f1483af4e09abdb9b1fc7c3db940b56ab5c42790c26
      url: "https://pub.dev"
    source: hosted
    version: "1.1.9+1"
  vector_math:
    dependency: transitive
    description:
      name: vector_math
      sha256: "80b3257d1492ce4d091729e3a67a60407d227c27241d6927be0130c98e741803"
      url: "https://pub.dev"
    source: hosted
    version: "2.1.4"
  web:
    dependency: transitive
    description:
      name: web
      sha256: afe077240a270dcfd2aafe77602b4113645af95d0ad31128cc02bce5ac5d5152
      url: "https://pub.dev"
    source: hosted
    version: "0.3.0"
  web_socket_channel:
    dependency: "direct main"
    description:
      name: web_socket_channel
      sha256: d88238e5eac9a42bb43ca4e721edba3c08c6354d4a53063afaa568516217621b
      url: "https://pub.dev"
    source: hosted
    version: "2.4.0"
  win32:
    dependency: transitive
    description:
      name: win32
      sha256: "7c99c0e1e2fa190b48d25c81ca5e42036d5cac81430ef249027d97b0935c553f"
      url: "https://pub.dev"
    source: hosted
    version: "5.1.0"
  window_manager:
    dependency: "direct main"
    description:
      name: window_manager
      sha256: dcc865277f26a7dad263a47d0e405d77e21f12cb71f30333a52710a408690bd7
      url: "https://pub.dev"
    source: hosted
    version: "0.3.7"
  window_size:
    dependency: "direct main"
    description:
      path: "plugins/window_size"
      ref: HEAD
      resolved-ref: "6c66ad23ee79749f30a8eece542cf54eaf157ed8"
      url: "https://github.com/google/flutter-desktop-embedding"
    source: git
    version: "0.1.0"
  xdg_directories:
    dependency: transitive
    description:
      name: xdg_directories
      sha256: "589ada45ba9e39405c198fe34eb0f607cddb2108527e658136120892beac46d2"
      url: "https://pub.dev"
    source: hosted
    version: "1.0.3"
  xml:
    dependency: transitive
    description:
      name: xml
      sha256: b015a8ad1c488f66851d762d3090a21c600e479dc75e68328c52774040cf9226
      url: "https://pub.dev"
    source: hosted
    version: "6.5.0"
  xterm:
    dependency: "direct main"
    description:
      name: xterm
      sha256: "6a02b15d03152b8186e12790902ff28c8a932fc441e89fa7255a7491661a8e69"
      url: "https://pub.dev"
    source: hosted
    version: "3.5.0"
  yaml:
    dependency: "direct main"
    description:
      name: yaml
      sha256: "75769501ea3489fca56601ff33454fe45507ea3bfb014161abc3b43ae25989d5"
      url: "https://pub.dev"
    source: hosted
    version: "3.1.2"
sdks:
  dart: ">=3.2.0 <4.0.0"
  flutter: ">=3.16.0"
